
Microsoft Visual Studio Solution File, Format Version 12.00
# Visual Studio Version 17
VisualStudioVersion = 17.10.35004.147
MinimumVisualStudioVersion = 10.0.40219.1
Project("{9A19103F-16F7-4668-BE54-9A1E7A4F7556}") = "TimedPower", "TimedPower\TimedPower.csproj", "{79A6CEBB-730B-442E-AF51-6327F89DF960}"
EndProject
Global
	GlobalSection(SolutionConfigurationPlatforms) = preSolution
		Debug|Any CPU = Debug|Any CPU
		Release|Any CPU = Release|Any CPU
	EndGlobalSection
	GlobalSection(ProjectConfigurationPlatforms) = postSolution
		{79A6CEBB-730B-442E-AF51-6327F89DF960}.Debug|Any CPU.ActiveCfg = Debug|Any CPU
		{79A6CEBB-730B-442E-AF51-6327F89DF960}.Debug|Any CPU.Build.0 = Debug|Any CPU
		{79A6CEBB-730B-442E-AF51-6327F89DF960}.Release|Any CPU.ActiveCfg = Release|Any CPU
		{79A6CEBB-730B-442E-AF51-6327F89DF960}.Release|Any CPU.Build.0 = Release|Any CPU
	EndGlobalSection
	GlobalSection(SolutionProperties) = preSolution
		HideSolutionNode = FALSE
	EndGlobalSection
	GlobalSection(ExtensibilityGlobals) = postSolution
		SolutionGuid = {BBECCD74-943F-4EB3-9DF7-34F2A8D688D1}
	EndGlobalSection
EndGlobal
